{
  "object": {
    "pins": [
      {
        "package": "arc-mutibase-encode-swift",
        "repositoryURL": "https://github.com/ArcBlock/arc-mutibase-encode-swift",
        "state": {
          "branch": null,
          "revision": "9ac7cdbcf1a0633a25978a17dd480f886c8d32af",
          "version": "1.0.0"
        }
      }
    ]
  },
  "version": 1
}
