// !$*UTF8*$!
{
	archiveVersion = 1;
	classes = {
	};
	objectVersion = 55;
	objects = {

/* Begin PBXBuildFile section */
		1ABE84A427E824D500F86D65 /* AppDelegate.swift in Sources */ = {isa = PBXBuildFile; fileRef = 1ABE84A327E824D500F86D65 /* AppDelegate.swift */; };
		1ABE84A627E824D500F86D65 /* SceneDelegate.swift in Sources */ = {isa = PBXBuildFile; fileRef = 1ABE84A527E824D500F86D65 /* SceneDelegate.swift */; };
		1ABE84A827E824D500F86D65 /* ViewController.swift in Sources */ = {isa = PBXBuildFile; fileRef = 1ABE84A727E824D500F86D65 /* ViewController.swift */; };
		1ABE84AB27E824D500F86D65 /* Main.storyboard in Resources */ = {isa = PBXBuildFile; fileRef = 1ABE84A927E824D500F86D65 /* Main.storyboard */; };
		1ABE84AD27E824D700F86D65 /* Assets.xcassets in Resources */ = {isa = PBXBuildFile; fileRef = 1ABE84AC27E824D700F86D65 /* Assets.xcassets */; };
		1ABE84B027E824D700F86D65 /* LaunchScreen.storyboard in Resources */ = {isa = PBXBuildFile; fileRef = 1ABE84AE27E824D700F86D65 /* LaunchScreen.storyboard */; };
		1AEE1F30286AF939008AAF5A /* UIColor+Extension.swift in Sources */ = {isa = PBXBuildFile; fileRef = 1AEE1F1D286AF939008AAF5A /* UIColor+Extension.swift */; };
		1AEE1F31286AF939008AAF5A /* String+Extension.swift in Sources */ = {isa = PBXBuildFile; fileRef = 1AEE1F1E286AF939008AAF5A /* String+Extension.swift */; };
		1AEE1F32286AF939008AAF5A /* Data+Extension.swift in Sources */ = {isa = PBXBuildFile; fileRef = 1AEE1F1F286AF939008AAF5A /* Data+Extension.swift */; };
		1AEE1F33286AF939008AAF5A /* Array+Extension.swift in Sources */ = {isa = PBXBuildFile; fileRef = 1AEE1F20286AF939008AAF5A /* Array+Extension.swift */; };
		1AEE1F34286AF939008AAF5A /* DIDRoleType.swift in Sources */ = {isa = PBXBuildFile; fileRef = 1AEE1F21286AF939008AAF5A /* DIDRoleType.swift */; };
		1AEE1F35286AF939008AAF5A /* DIDMotifView.swift in Sources */ = {isa = PBXBuildFile; fileRef = 1AEE1F22286AF939008AAF5A /* DIDMotifView.swift */; };
		1AEE1F36286AF939008AAF5A /* Encoding.swift in Sources */ = {isa = PBXBuildFile; fileRef = 1AEE1F24286AF939008AAF5A /* Encoding.swift */; };
		1AEE1F37286AF939008AAF5A /* Base64String.swift in Sources */ = {isa = PBXBuildFile; fileRef = 1AEE1F25286AF939008AAF5A /* Base64String.swift */; };
		1AEE1F38286AF939008AAF5A /* Base16String.swift in Sources */ = {isa = PBXBuildFile; fileRef = 1AEE1F26286AF939008AAF5A /* Base16String.swift */; };
		1AEE1F39286AF939008AAF5A /* Multibase.swift in Sources */ = {isa = PBXBuildFile; fileRef = 1AEE1F27286AF939008AAF5A /* Multibase.swift */; };
		1AEE1F3A286AF939008AAF5A /* Base58String.swift in Sources */ = {isa = PBXBuildFile; fileRef = 1AEE1F28286AF939008AAF5A /* Base58String.swift */; };
		1AEE1F3B286AF939008AAF5A /* Base16.swift in Sources */ = {isa = PBXBuildFile; fileRef = 1AEE1F2A286AF939008AAF5A /* Base16.swift */; };
		1AEE1F3C286AF939008AAF5A /* Base32.swift in Sources */ = {isa = PBXBuildFile; fileRef = 1AEE1F2B286AF939008AAF5A /* Base32.swift */; };
		1AEE1F3D286AF939008AAF5A /* shim.swift in Sources */ = {isa = PBXBuildFile; fileRef = 1AEE1F2C286AF939008AAF5A /* shim.swift */; };
		1AEE1F3E286AF939008AAF5A /* StringExtension.swift in Sources */ = {isa = PBXBuildFile; fileRef = 1AEE1F2D286AF939008AAF5A /* StringExtension.swift */; };
		1AEE1F3F286AF939008AAF5A /* Base32String.swift in Sources */ = {isa = PBXBuildFile; fileRef = 1AEE1F2E286AF939008AAF5A /* Base32String.swift */; };
		1AEE1F40286AF939008AAF5A /* DIDMotifUtils.swift in Sources */ = {isa = PBXBuildFile; fileRef = 1AEE1F2F286AF939008AAF5A /* DIDMotifUtils.swift */; };
/* End PBXBuildFile section */

/* Begin PBXFileReference section */
		1ABE84A027E824D500F86D65 /* Example.app */ = {isa = PBXFileReference; explicitFileType = wrapper.application; includeInIndex = 0; path = Example.app; sourceTree = BUILT_PRODUCTS_DIR; };
		1ABE84A327E824D500F86D65 /* AppDelegate.swift */ = {isa = PBXFileReference; lastKnownFileType = sourcecode.swift; path = AppDelegate.swift; sourceTree = "<group>"; };
		1ABE84A527E824D500F86D65 /* SceneDelegate.swift */ = {isa = PBXFileReference; lastKnownFileType = sourcecode.swift; path = SceneDelegate.swift; sourceTree = "<group>"; };
		1ABE84A727E824D500F86D65 /* ViewController.swift */ = {isa = PBXFileReference; lastKnownFileType = sourcecode.swift; path = ViewController.swift; sourceTree = "<group>"; };
		1ABE84AA27E824D500F86D65 /* Base */ = {isa = PBXFileReference; lastKnownFileType = file.storyboard; name = Base; path = Base.lproj/Main.storyboard; sourceTree = "<group>"; };
		1ABE84AC27E824D700F86D65 /* Assets.xcassets */ = {isa = PBXFileReference; lastKnownFileType = folder.assetcatalog; path = Assets.xcassets; sourceTree = "<group>"; };
		1ABE84AF27E824D700F86D65 /* Base */ = {isa = PBXFileReference; lastKnownFileType = file.storyboard; name = Base; path = Base.lproj/LaunchScreen.storyboard; sourceTree = "<group>"; };
		1ABE84B127E824D700F86D65 /* Info.plist */ = {isa = PBXFileReference; lastKnownFileType = text.plist.xml; path = Info.plist; sourceTree = "<group>"; };
		1AEE1F1D286AF939008AAF5A /* UIColor+Extension.swift */ = {isa = PBXFileReference; fileEncoding = 4; lastKnownFileType = sourcecode.swift; path = "UIColor+Extension.swift"; sourceTree = "<group>"; };
		1AEE1F1E286AF939008AAF5A /* String+Extension.swift */ = {isa = PBXFileReference; fileEncoding = 4; lastKnownFileType = sourcecode.swift; path = "String+Extension.swift"; sourceTree = "<group>"; };
		1AEE1F1F286AF939008AAF5A /* Data+Extension.swift */ = {isa = PBXFileReference; fileEncoding = 4; lastKnownFileType = sourcecode.swift; path = "Data+Extension.swift"; sourceTree = "<group>"; };
		1AEE1F20286AF939008AAF5A /* Array+Extension.swift */ = {isa = PBXFileReference; fileEncoding = 4; lastKnownFileType = sourcecode.swift; path = "Array+Extension.swift"; sourceTree = "<group>"; };
		1AEE1F21286AF939008AAF5A /* DIDRoleType.swift */ = {isa = PBXFileReference; fileEncoding = 4; lastKnownFileType = sourcecode.swift; path = DIDRoleType.swift; sourceTree = "<group>"; };
		1AEE1F22286AF939008AAF5A /* DIDMotifView.swift */ = {isa = PBXFileReference; fileEncoding = 4; lastKnownFileType = sourcecode.swift; path = DIDMotifView.swift; sourceTree = "<group>"; };
		1AEE1F24286AF939008AAF5A /* Encoding.swift */ = {isa = PBXFileReference; fileEncoding = 4; lastKnownFileType = sourcecode.swift; path = Encoding.swift; sourceTree = "<group>"; };
		1AEE1F25286AF939008AAF5A /* Base64String.swift */ = {isa = PBXFileReference; fileEncoding = 4; lastKnownFileType = sourcecode.swift; path = Base64String.swift; sourceTree = "<group>"; };
		1AEE1F26286AF939008AAF5A /* Base16String.swift */ = {isa = PBXFileReference; fileEncoding = 4; lastKnownFileType = sourcecode.swift; path = Base16String.swift; sourceTree = "<group>"; };
		1AEE1F27286AF939008AAF5A /* Multibase.swift */ = {isa = PBXFileReference; fileEncoding = 4; lastKnownFileType = sourcecode.swift; path = Multibase.swift; sourceTree = "<group>"; };
		1AEE1F28286AF939008AAF5A /* Base58String.swift */ = {isa = PBXFileReference; fileEncoding = 4; lastKnownFileType = sourcecode.swift; path = Base58String.swift; sourceTree = "<group>"; };
		1AEE1F2A286AF939008AAF5A /* Base16.swift */ = {isa = PBXFileReference; fileEncoding = 4; lastKnownFileType = sourcecode.swift; path = Base16.swift; sourceTree = "<group>"; };
		1AEE1F2B286AF939008AAF5A /* Base32.swift */ = {isa = PBXFileReference; fileEncoding = 4; lastKnownFileType = sourcecode.swift; path = Base32.swift; sourceTree = "<group>"; };
		1AEE1F2C286AF939008AAF5A /* shim.swift */ = {isa = PBXFileReference; fileEncoding = 4; lastKnownFileType = sourcecode.swift; path = shim.swift; sourceTree = "<group>"; };
		1AEE1F2D286AF939008AAF5A /* StringExtension.swift */ = {isa = PBXFileReference; fileEncoding = 4; lastKnownFileType = sourcecode.swift; path = StringExtension.swift; sourceTree = "<group>"; };
		1AEE1F2E286AF939008AAF5A /* Base32String.swift */ = {isa = PBXFileReference; fileEncoding = 4; lastKnownFileType = sourcecode.swift; path = Base32String.swift; sourceTree = "<group>"; };
		1AEE1F2F286AF939008AAF5A /* DIDMotifUtils.swift */ = {isa = PBXFileReference; fileEncoding = 4; lastKnownFileType = sourcecode.swift; path = DIDMotifUtils.swift; sourceTree = "<group>"; };
/* End PBXFileReference section */

/* Begin PBXFrameworksBuildPhase section */
		1ABE849D27E824D500F86D65 /* Frameworks */ = {
			isa = PBXFrameworksBuildPhase;
			buildActionMask = 2147483647;
			files = (
			);
			runOnlyForDeploymentPostprocessing = 0;
		};
/* End PBXFrameworksBuildPhase section */

/* Begin PBXGroup section */
		1ABE849727E824D500F86D65 = {
			isa = PBXGroup;
			children = (
				1ABE84A227E824D500F86D65 /* Example */,
				1ABE84A127E824D500F86D65 /* Products */,
			);
			sourceTree = "<group>";
		};
		1ABE84A127E824D500F86D65 /* Products */ = {
			isa = PBXGroup;
			children = (
				1ABE84A027E824D500F86D65 /* Example.app */,
			);
			name = Products;
			sourceTree = "<group>";
		};
		1ABE84A227E824D500F86D65 /* Example */ = {
			isa = PBXGroup;
			children = (
				1AEE1F1A286AF939008AAF5A /* Sources */,
				1ABE84A327E824D500F86D65 /* AppDelegate.swift */,
				1ABE84A527E824D500F86D65 /* SceneDelegate.swift */,
				1ABE84A727E824D500F86D65 /* ViewController.swift */,
				1ABE84A927E824D500F86D65 /* Main.storyboard */,
				1ABE84AC27E824D700F86D65 /* Assets.xcassets */,
				1ABE84AE27E824D700F86D65 /* LaunchScreen.storyboard */,
				1ABE84B127E824D700F86D65 /* Info.plist */,
			);
			path = Example;
			sourceTree = "<group>";
		};
		1AEE1F1A286AF939008AAF5A /* Sources */ = {
			isa = PBXGroup;
			children = (
				1AEE1F1B286AF939008AAF5A /* did-motif-ios */,
			);
			name = Sources;
			path = ../../Sources;
			sourceTree = "<group>";
		};
		1AEE1F1B286AF939008AAF5A /* did-motif-ios */ = {
			isa = PBXGroup;
			children = (
				1AEE1F1C286AF939008AAF5A /* Extension */,
				1AEE1F21286AF939008AAF5A /* DIDRoleType.swift */,
				1AEE1F22286AF939008AAF5A /* DIDMotifView.swift */,
				1AEE1F23286AF939008AAF5A /* Multibase */,
				1AEE1F2F286AF939008AAF5A /* DIDMotifUtils.swift */,
			);
			path = "did-motif-ios";
			sourceTree = "<group>";
		};
		1AEE1F1C286AF939008AAF5A /* Extension */ = {
			isa = PBXGroup;
			children = (
				1AEE1F1D286AF939008AAF5A /* UIColor+Extension.swift */,
				1AEE1F1E286AF939008AAF5A /* String+Extension.swift */,
				1AEE1F1F286AF939008AAF5A /* Data+Extension.swift */,
				1AEE1F20286AF939008AAF5A /* Array+Extension.swift */,
			);
			path = Extension;
			sourceTree = "<group>";
		};
		1AEE1F23286AF939008AAF5A /* Multibase */ = {
			isa = PBXGroup;
			children = (
				1AEE1F24286AF939008AAF5A /* Encoding.swift */,
				1AEE1F25286AF939008AAF5A /* Base64String.swift */,
				1AEE1F26286AF939008AAF5A /* Base16String.swift */,
				1AEE1F27286AF939008AAF5A /* Multibase.swift */,
				1AEE1F28286AF939008AAF5A /* Base58String.swift */,
				1AEE1F29286AF939008AAF5A /* Base32 */,
				1AEE1F2E286AF939008AAF5A /* Base32String.swift */,
			);
			path = Multibase;
			sourceTree = "<group>";
		};
		1AEE1F29286AF939008AAF5A /* Base32 */ = {
			isa = PBXGroup;
			children = (
				1AEE1F2A286AF939008AAF5A /* Base16.swift */,
				1AEE1F2B286AF939008AAF5A /* Base32.swift */,
				1AEE1F2C286AF939008AAF5A /* shim.swift */,
				1AEE1F2D286AF939008AAF5A /* StringExtension.swift */,
			);
			path = Base32;
			sourceTree = "<group>";
		};
/* End PBXGroup section */

/* Begin PBXNativeTarget section */
		1ABE849F27E824D500F86D65 /* Example */ = {
			isa = PBXNativeTarget;
			buildConfigurationList = 1ABE84B427E824D700F86D65 /* Build configuration list for PBXNativeTarget "Example" */;
			buildPhases = (
				1ABE849C27E824D500F86D65 /* Sources */,
				1ABE849D27E824D500F86D65 /* Frameworks */,
				1ABE849E27E824D500F86D65 /* Resources */,
			);
			buildRules = (
			);
			dependencies = (
			);
			name = Example;
			packageProductDependencies = (
			);
			productName = Example;
			productReference = 1ABE84A027E824D500F86D65 /* Example.app */;
			productType = "com.apple.product-type.application";
		};
/* End PBXNativeTarget section */

/* Begin PBXProject section */
		1ABE849827E824D500F86D65 /* Project object */ = {
			isa = PBXProject;
			attributes = {
				BuildIndependentTargetsInParallel = 1;
				LastSwiftUpdateCheck = 1300;
				LastUpgradeCheck = 1300;
				TargetAttributes = {
					1ABE849F27E824D500F86D65 = {
						CreatedOnToolsVersion = 13.0;
					};
				};
			};
			buildConfigurationList = 1ABE849B27E824D500F86D65 /* Build configuration list for PBXProject "Example" */;
			compatibilityVersion = "Xcode 13.0";
			developmentRegion = en;
			hasScannedForEncodings = 0;
			knownRegions = (
				en,
				Base,
			);
			mainGroup = 1ABE849727E824D500F86D65;
			packageReferences = (
			);
			productRefGroup = 1ABE84A127E824D500F86D65 /* Products */;
			projectDirPath = "";
			projectRoot = "";
			targets = (
				1ABE849F27E824D500F86D65 /* Example */,
			);
		};
/* End PBXProject section */

/* Begin PBXResourcesBuildPhase section */
		1ABE849E27E824D500F86D65 /* Resources */ = {
			isa = PBXResourcesBuildPhase;
			buildActionMask = 2147483647;
			files = (
				1ABE84B027E824D700F86D65 /* LaunchScreen.storyboard in Resources */,
				1ABE84AD27E824D700F86D65 /* Assets.xcassets in Resources */,
				1ABE84AB27E824D500F86D65 /* Main.storyboard in Resources */,
			);
			runOnlyForDeploymentPostprocessing = 0;
		};
/* End PBXResourcesBuildPhase section */

/* Begin PBXSourcesBuildPhase section */
		1ABE849C27E824D500F86D65 /* Sources */ = {
			isa = PBXSourcesBuildPhase;
			buildActionMask = 2147483647;
			files = (
				1AEE1F3F286AF939008AAF5A /* Base32String.swift in Sources */,
				1AEE1F39286AF939008AAF5A /* Multibase.swift in Sources */,
				1ABE84A827E824D500F86D65 /* ViewController.swift in Sources */,
				1AEE1F34286AF939008AAF5A /* DIDRoleType.swift in Sources */,
				1ABE84A427E824D500F86D65 /* AppDelegate.swift in Sources */,
				1AEE1F3A286AF939008AAF5A /* Base58String.swift in Sources */,
				1AEE1F37286AF939008AAF5A /* Base64String.swift in Sources */,
				1AEE1F35286AF939008AAF5A /* DIDMotifView.swift in Sources */,
				1AEE1F3C286AF939008AAF5A /* Base32.swift in Sources */,
				1ABE84A627E824D500F86D65 /* SceneDelegate.swift in Sources */,
				1AEE1F31286AF939008AAF5A /* String+Extension.swift in Sources */,
				1AEE1F36286AF939008AAF5A /* Encoding.swift in Sources */,
				1AEE1F33286AF939008AAF5A /* Array+Extension.swift in Sources */,
				1AEE1F3D286AF939008AAF5A /* shim.swift in Sources */,
				1AEE1F30286AF939008AAF5A /* UIColor+Extension.swift in Sources */,
				1AEE1F40286AF939008AAF5A /* DIDMotifUtils.swift in Sources */,
				1AEE1F3E286AF939008AAF5A /* StringExtension.swift in Sources */,
				1AEE1F38286AF939008AAF5A /* Base16String.swift in Sources */,
				1AEE1F32286AF939008AAF5A /* Data+Extension.swift in Sources */,
				1AEE1F3B286AF939008AAF5A /* Base16.swift in Sources */,
			);
			runOnlyForDeploymentPostprocessing = 0;
		};
/* End PBXSourcesBuildPhase section */

/* Begin PBXVariantGroup section */
		1ABE84A927E824D500F86D65 /* Main.storyboard */ = {
			isa = PBXVariantGroup;
			children = (
				1ABE84AA27E824D500F86D65 /* Base */,
			);
			name = Main.storyboard;
			sourceTree = "<group>";
		};
		1ABE84AE27E824D700F86D65 /* LaunchScreen.storyboard */ = {
			isa = PBXVariantGroup;
			children = (
				1ABE84AF27E824D700F86D65 /* Base */,
			);
			name = LaunchScreen.storyboard;
			sourceTree = "<group>";
		};
/* End PBXVariantGroup section */

/* Begin XCBuildConfiguration section */
		1ABE84B227E824D700F86D65 /* Debug */ = {
			isa = XCBuildConfiguration;
			buildSettings = {
				ALWAYS_SEARCH_USER_PATHS = NO;
				CLANG_ANALYZER_NONNULL = YES;
				CLANG_ANALYZER_NUMBER_OBJECT_CONVERSION = YES_AGGRESSIVE;
				CLANG_CXX_LANGUAGE_STANDARD = "gnu++17";
				CLANG_CXX_LIBRARY = "libc++";
				CLANG_ENABLE_MODULES = YES;
				CLANG_ENABLE_OBJC_ARC = YES;
				CLANG_ENABLE_OBJC_WEAK = YES;
				CLANG_WARN_BLOCK_CAPTURE_AUTORELEASING = YES;
				CLANG_WARN_BOOL_CONVERSION = YES;
				CLANG_WARN_COMMA = YES;
				CLANG_WARN_CONSTANT_CONVERSION = YES;
				CLANG_WARN_DEPRECATED_OBJC_IMPLEMENTATIONS = YES;
				CLANG_WARN_DIRECT_OBJC_ISA_USAGE = YES_ERROR;
				CLANG_WARN_DOCUMENTATION_COMMENTS = YES;
				CLANG_WARN_EMPTY_BODY = YES;
				CLANG_WARN_ENUM_CONVERSION = YES;
				CLANG_WARN_INFINITE_RECURSION = YES;
				CLANG_WARN_INT_CONVERSION = YES;
				CLANG_WARN_NON_LITERAL_NULL_CONVERSION = YES;
				CLANG_WARN_OBJC_IMPLICIT_RETAIN_SELF = YES;
				CLANG_WARN_OBJC_LITERAL_CONVERSION = YES;
				CLANG_WARN_OBJC_ROOT_CLASS = YES_ERROR;
				CLANG_WARN_QUOTED_INCLUDE_IN_FRAMEWORK_HEADER = YES;
				CLANG_WARN_RANGE_LOOP_ANALYSIS = YES;
				CLANG_WARN_STRICT_PROTOTYPES = YES;
				CLANG_WARN_SUSPICIOUS_MOVE = YES;
				CLANG_WARN_UNGUARDED_AVAILABILITY = YES_AGGRESSIVE;
				CLANG_WARN_UNREACHABLE_CODE = YES;
				CLANG_WARN__DUPLICATE_METHOD_MATCH = YES;
				COPY_PHASE_STRIP = NO;
				DEBUG_INFORMATION_FORMAT = dwarf;
				ENABLE_STRICT_OBJC_MSGSEND = YES;
				ENABLE_TESTABILITY = YES;
				GCC_C_LANGUAGE_STANDARD = gnu11;
				GCC_DYNAMIC_NO_PIC = NO;
				GCC_NO_COMMON_BLOCKS = YES;
				GCC_OPTIMIZATION_LEVEL = 0;
				GCC_PREPROCESSOR_DEFINITIONS = (
					"DEBUG=1",
					"$(inherited)",
				);
				GCC_WARN_64_TO_32_BIT_CONVERSION = YES;
				GCC_WARN_ABOUT_RETURN_TYPE = YES_ERROR;
				GCC_WARN_UNDECLARED_SELECTOR = YES;
				GCC_WARN_UNINITIALIZED_AUTOS = YES_AGGRESSIVE;
				GCC_WARN_UNUSED_FUNCTION = YES;
				GCC_WARN_UNUSED_VARIABLE = YES;
				IPHONEOS_DEPLOYMENT_TARGET = 15.0;
				MTL_ENABLE_DEBUG_INFO = INCLUDE_SOURCE;
				MTL_FAST_MATH = YES;
				ONLY_ACTIVE_ARCH = YES;
				SDKROOT = iphoneos;
				SWIFT_ACTIVE_COMPILATION_CONDITIONS = DEBUG;
				SWIFT_OPTIMIZATION_LEVEL = "-Onone";
			};
			name = Debug;
		};
		1ABE84B327E824D700F86D65 /* Release */ = {
			isa = XCBuildConfiguration;
			buildSettings = {
				ALWAYS_SEARCH_USER_PATHS = NO;
				CLANG_ANALYZER_NONNULL = YES;
				CLANG_ANALYZER_NUMBER_OBJECT_CONVERSION = YES_AGGRESSIVE;
				CLANG_CXX_LANGUAGE_STANDARD = "gnu++17";
				CLANG_CXX_LIBRARY = "libc++";
				CLANG_ENABLE_MODULES = YES;
				CLANG_ENABLE_OBJC_ARC = YES;
				CLANG_ENABLE_OBJC_WEAK = YES;
				CLANG_WARN_BLOCK_CAPTURE_AUTORELEASING = YES;
				CLANG_WARN_BOOL_CONVERSION = YES;
				CLANG_WARN_COMMA = YES;
				CLANG_WARN_CONSTANT_CONVERSION = YES;
				CLANG_WARN_DEPRECATED_OBJC_IMPLEMENTATIONS = YES;
				CLANG_WARN_DIRECT_OBJC_ISA_USAGE = YES_ERROR;
				CLANG_WARN_DOCUMENTATION_COMMENTS = YES;
				CLANG_WARN_EMPTY_BODY = YES;
				CLANG_WARN_ENUM_CONVERSION = YES;
				CLANG_WARN_INFINITE_RECURSION = YES;
				CLANG_WARN_INT_CONVERSION = YES;
				CLANG_WARN_NON_LITERAL_NULL_CONVERSION = YES;
				CLANG_WARN_OBJC_IMPLICIT_RETAIN_SELF = YES;
				CLANG_WARN_OBJC_LITERAL_CONVERSION = YES;
				CLANG_WARN_OBJC_ROOT_CLASS = YES_ERROR;
				CLANG_WARN_QUOTED_INCLUDE_IN_FRAMEWORK_HEADER = YES;
				CLANG_WARN_RANGE_LOOP_ANALYSIS = YES;
				CLANG_WARN_STRICT_PROTOTYPES = YES;
				CLANG_WARN_SUSPICIOUS_MOVE = YES;
				CLANG_WARN_UNGUARDED_AVAILABILITY = YES_AGGRESSIVE;
				CLANG_WARN_UNREACHABLE_CODE = YES;
				CLANG_WARN__DUPLICATE_METHOD_MATCH = YES;
				COPY_PHASE_STRIP = NO;
				DEBUG_INFORMATION_FORMAT = "dwarf-with-dsym";
				ENABLE_NS_ASSERTIONS = NO;
				ENABLE_STRICT_OBJC_MSGSEND = YES;
				GCC_C_LANGUAGE_STANDARD = gnu11;
				GCC_NO_COMMON_BLOCKS = YES;
				GCC_WARN_64_TO_32_BIT_CONVERSION = YES;
				GCC_WARN_ABOUT_RETURN_TYPE = YES_ERROR;
				GCC_WARN_UNDECLARED_SELECTOR = YES;
				GCC_WARN_UNINITIALIZED_AUTOS = YES_AGGRESSIVE;
				GCC_WARN_UNUSED_FUNCTION = YES;
				GCC_WARN_UNUSED_VARIABLE = YES;
				IPHONEOS_DEPLOYMENT_TARGET = 15.0;
				MTL_ENABLE_DEBUG_INFO = NO;
				MTL_FAST_MATH = YES;
				SDKROOT = iphoneos;
				SWIFT_COMPILATION_MODE = wholemodule;
				SWIFT_OPTIMIZATION_LEVEL = "-O";
				VALIDATE_PRODUCT = YES;
			};
			name = Release;
		};
		1ABE84B527E824D700F86D65 /* Debug */ = {
			isa = XCBuildConfiguration;
			buildSettings = {
				ASSETCATALOG_COMPILER_APPICON_NAME = AppIcon;
				ASSETCATALOG_COMPILER_GLOBAL_ACCENT_COLOR_NAME = AccentColor;
				CODE_SIGN_STYLE = Automatic;
				CURRENT_PROJECT_VERSION = 1;
				DEVELOPMENT_TEAM = NPLWFNK4WF;
				GENERATE_INFOPLIST_FILE = YES;
				INFOPLIST_FILE = Example/Info.plist;
				INFOPLIST_KEY_UIApplicationSupportsIndirectInputEvents = YES;
				INFOPLIST_KEY_UILaunchStoryboardName = LaunchScreen;
				INFOPLIST_KEY_UIMainStoryboardFile = Main;
				INFOPLIST_KEY_UISupportedInterfaceOrientations_iPad = "UIInterfaceOrientationPortrait UIInterfaceOrientationPortraitUpsideDown UIInterfaceOrientationLandscapeLeft UIInterfaceOrientationLandscapeRight";
				INFOPLIST_KEY_UISupportedInterfaceOrientations_iPhone = "UIInterfaceOrientationPortrait UIInterfaceOrientationLandscapeLeft UIInterfaceOrientationLandscapeRight";
				LD_RUNPATH_SEARCH_PATHS = (
					"$(inherited)",
					"@executable_path/Frameworks",
				);
				MARKETING_VERSION = 1.0;
				PRODUCT_BUNDLE_IDENTIFIER = "com.did-motif-ios.Example";
				PRODUCT_NAME = "$(TARGET_NAME)";
				SWIFT_EMIT_LOC_STRINGS = YES;
				SWIFT_VERSION = 5.0;
				TARGETED_DEVICE_FAMILY = "1,2";
			};
			name = Debug;
		};
		1ABE84B627E824D700F86D65 /* Release */ = {
			isa = XCBuildConfiguration;
			buildSettings = {
				ASSETCATALOG_COMPILER_APPICON_NAME = AppIcon;
				ASSETCATALOG_COMPILER_GLOBAL_ACCENT_COLOR_NAME = AccentColor;
				CODE_SIGN_STYLE = Automatic;
				CURRENT_PROJECT_VERSION = 1;
				DEVELOPMENT_TEAM = NPLWFNK4WF;
				GENERATE_INFOPLIST_FILE = YES;
				INFOPLIST_FILE = Example/Info.plist;
				INFOPLIST_KEY_UIApplicationSupportsIndirectInputEvents = YES;
				INFOPLIST_KEY_UILaunchStoryboardName = LaunchScreen;
				INFOPLIST_KEY_UIMainStoryboardFile = Main;
				INFOPLIST_KEY_UISupportedInterfaceOrientations_iPad = "UIInterfaceOrientationPortrait UIInterfaceOrientationPortraitUpsideDown UIInterfaceOrientationLandscapeLeft UIInterfaceOrientationLandscapeRight";
				INFOPLIST_KEY_UISupportedInterfaceOrientations_iPhone = "UIInterfaceOrientationPortrait UIInterfaceOrientationLandscapeLeft UIInterfaceOrientationLandscapeRight";
				LD_RUNPATH_SEARCH_PATHS = (
					"$(inherited)",
					"@executable_path/Frameworks",
				);
				MARKETING_VERSION = 1.0;
				PRODUCT_BUNDLE_IDENTIFIER = "com.did-motif-ios.Example";
				PRODUCT_NAME = "$(TARGET_NAME)";
				SWIFT_EMIT_LOC_STRINGS = YES;
				SWIFT_VERSION = 5.0;
				TARGETED_DEVICE_FAMILY = "1,2";
			};
			name = Release;
		};
/* End XCBuildConfiguration section */

/* Begin XCConfigurationList section */
		1ABE849B27E824D500F86D65 /* Build configuration list for PBXProject "Example" */ = {
			isa = XCConfigurationList;
			buildConfigurations = (
				1ABE84B227E824D700F86D65 /* Debug */,
				1ABE84B327E824D700F86D65 /* Release */,
			);
			defaultConfigurationIsVisible = 0;
			defaultConfigurationName = Release;
		};
		1ABE84B427E824D700F86D65 /* Build configuration list for PBXNativeTarget "Example" */ = {
			isa = XCConfigurationList;
			buildConfigurations = (
				1ABE84B527E824D700F86D65 /* Debug */,
				1ABE84B627E824D700F86D65 /* Release */,
			);
			defaultConfigurationIsVisible = 0;
			defaultConfigurationName = Release;
		};
/* End XCConfigurationList section */
	};
	rootObject = 1ABE849827E824D500F86D65 /* Project object */;
}
