{
  "object": {
    "pins": [
      {
        "package": "did-motif-ios",
        "repositoryURL": "https://github.com/ArcBlock/did-motif-ios",
        "state": {
          "branch": null,
          "revision": "db4cd0fe19333cbe93829dc08caa4f5739a0f19c",
          "version": "1.0.0"
        }
      }
    ]
  },
  "version": 1
}
